// !$*UTF8*$!
{
	archiveVersion = 1;
	classes = {
	};
	objectVersion = 56;
	objects = {

/* Begin PBXBuildFile section */
		821B96772A9836A1007C44CE /* app2_0App.swift in Sources */ = {isa = PBXBuildFile; fileRef = 821B96762A9836A1007C44CE /* app2_0App.swift */; };
		821B96792A9836A1007C44CE /* ContentView.swift in Sources */ = {isa = PBXBuildFile; fileRef = 821B96782A9836A1007C44CE /* ContentView.swift */; };
		821B967B2A9836A7007C44CE /* Assets.xcassets in Resources */ = {isa = PBXBuildFile; fileRef = 821B967A2A9836A7007C44CE /* Assets.xcassets */; };
		821B967E2A9836A7007C44CE /* Preview Assets.xcassets in Resources */ = {isa = PBXBuildFile; fileRef = 821B967D2A9836A7007C44CE /* Preview Assets.xcassets */; };
		821B96802A9836A7007C44CE /* Persistence.swift in Sources */ = {isa = PBXBuildFile; fileRef = 821B967F2A9836A7007C44CE /* Persistence.swift */; };
		821B96832A9836A7007C44CE /* app2_0.xcdatamodeld in Sources */ = {isa = PBXBuildFile; fileRef = 821B96812A9836A7007C44CE /* app2_0.xcdatamodeld */; };
		821B968D2A9836A7007C44CE /* app2_0Tests.swift in Sources */ = {isa = PBXBuildFile; fileRef = 821B968C2A9836A7007C44CE /* app2_0Tests.swift */; };
		821B96972A9836A7007C44CE /* app2_0UITests.swift in Sources */ = {isa = PBXBuildFile; fileRef = 821B96962A9836A7007C44CE /* app2_0UITests.swift */; };
		821B96992A9836A7007C44CE /* app2_0UITestsLaunchTests.swift in Sources */ = {isa = PBXBuildFile; fileRef = 821B96982A9836A7007C44CE /* app2_0UITestsLaunchTests.swift */; };
/* End PBXBuildFile section */

/* Begin PBXContainerItemProxy section */
		821B96892A9836A7007C44CE /* PBXContainerItemProxy */ = {
			isa = PBXContainerItemProxy;
			containerPortal = 821B966B2A9836A1007C44CE /* Project object */;
			proxyType = 1;
			remoteGlobalIDString = 821B96722A9836A1007C44CE;
			remoteInfo = app2.0;
		};
		821B96932A9836A7007C44CE /* PBXContainerItemProxy */ = {
			isa = PBXContainerItemProxy;
			containerPortal = 821B966B2A9836A1007C44CE /* Project object */;
			proxyType = 1;
			remoteGlobalIDString = 821B96722A9836A1007C44CE;
			remoteInfo = app2.0;
		};
/* End PBXContainerItemProxy section */

/* Begin PBXFileReference section */
		821B96732A9836A1007C44CE /* app2.0.app */ = {isa = PBXFileReference; explicitFileType = wrapper.application; includeInIndex = 0; path = app2.0.app; sourceTree = BUILT_PRODUCTS_DIR; };
		821B96762A9836A1007C44CE /* app2_0App.swift */ = {isa = PBXFileReference; lastKnownFileType = sourcecode.swift; path = app2_0App.swift; sourceTree = "<group>"; };
		821B96782A9836A1007C44CE /* ContentView.swift */ = {isa = PBXFileReference; lastKnownFileType = sourcecode.swift; path = ContentView.swift; sourceTree = "<group>"; };
		821B967A2A9836A7007C44CE /* Assets.xcassets */ = {isa = PBXFileReference; lastKnownFileType = folder.assetcatalog; path = Assets.xcassets; sourceTree = "<group>"; };
		821B967D2A9836A7007C44CE /* Preview Assets.xcassets */ = {isa = PBXFileReference; lastKnownFileType = folder.assetcatalog; path = "Preview Assets.xcassets"; sourceTree = "<group>"; };
		821B967F2A9836A7007C44CE /* Persistence.swift */ = {isa = PBXFileReference; lastKnownFileType = sourcecode.swift; path = Persistence.swift; sourceTree = "<group>"; };
		821B96822A9836A7007C44CE /* app2_0.xcdatamodel */ = {isa = PBXFileReference; lastKnownFileType = wrapper.xcdatamodel; path = app2_0.xcdatamodel; sourceTree = "<group>"; };
		821B96882A9836A7007C44CE /* app2.0Tests.xctest */ = {isa = PBXFileReference; explicitFileType = wrapper.cfbundle; includeInIndex = 0; path = app2.0Tests.xctest; sourceTree = BUILT_PRODUCTS_DIR; };
		821B968C2A9836A7007C44CE /* app2_0Tests.swift */ = {isa = PBXFileReference; lastKnownFileType = sourcecode.swift; path = app2_0Tests.swift; sourceTree = "<group>"; };
		821B96922A9836A7007C44CE /* app2.0UITests.xctest */ = {isa = PBXFileReference; explicitFileType = wrapper.cfbundle; includeInIndex = 0; path = app2.0UITests.xctest; sourceTree = BUILT_PRODUCTS_DIR; };
		821B96962A9836A7007C44CE /* app2_0UITests.swift */ = {isa = PBXFileReference; lastKnownFileType = sourcecode.swift; path = app2_0UITests.swift; sourceTree = "<group>"; };
		821B96982A9836A7007C44CE /* app2_0UITestsLaunchTests.swift */ = {isa = PBXFileReference; lastKnownFileType = sourcecode.swift; path = app2_0UITestsLaunchTests.swift; sourceTree = "<group>"; };
/* End PBXFileReference section */

/* Begin PBXFrameworksBuildPhase section */
		821B96702A9836A1007C44CE /* Frameworks */ = {
			isa = PBXFrameworksBuildPhase;
			buildActionMask = 2147483647;
			files = (
			);
			runOnlyForDeploymentPostprocessing = 0;
		};
		821B96852A9836A7007C44CE /* Frameworks */ = {
			isa = PBXFrameworksBuildPhase;
			buildActionMask = 2147483647;
			files = (
			);
			runOnlyForDeploymentPostprocessing = 0;
		};
		821B968F2A9836A7007C44CE /* Frameworks */ = {
			isa = PBXFrameworksBuildPhase;
			buildActionMask = 2147483647;
			files = (
			);
			runOnlyForDeploymentPostprocessing = 0;
		};
/* End PBXFrameworksBuildPhase section */

/* Begin PBXGroup section */
		821B966A2A9836A1007C44CE = {
			isa = PBXGroup;
			children = (
				821B96752A9836A1007C44CE /* app2.0 */,
				821B968B2A9836A7007C44CE /* app2.0Tests */,
				821B96952A9836A7007C44CE /* app2.0UITests */,
				821B96742A9836A1007C44CE /* Products */,
			);
			sourceTree = "<group>";
		};
		821B96742A9836A1007C44CE /* Products */ = {
			isa = PBXGroup;
			children = (
				821B96732A9836A1007C44CE /* app2.0.app */,
				821B96882A9836A7007C44CE /* app2.0Tests.xctest */,
				821B96922A9836A7007C44CE /* app2.0UITests.xctest */,
			);
			name = Products;
			sourceTree = "<group>";
		};
		821B96752A9836A1007C44CE /* app2.0 */ = {
			isa = PBXGroup;
			children = (
				821B96762A9836A1007C44CE /* app2_0App.swift */,
				821B96782A9836A1007C44CE /* ContentView.swift */,
				821B967A2A9836A7007C44CE /* Assets.xcassets */,
				821B967F2A9836A7007C44CE /* Persistence.swift */,
				821B96812A9836A7007C44CE /* app2_0.xcdatamodeld */,
				821B967C2A9836A7007C44CE /* Preview Content */,
			);
			path = app2.0;
			sourceTree = "<group>";
		};
		821B967C2A9836A7007C44CE /* Preview Content */ = {
			isa = PBXGroup;
			children = (
				821B967D2A9836A7007C44CE /* Preview Assets.xcassets */,
			);
			path = "Preview Content";
			sourceTree = "<group>";
		};
		821B968B2A9836A7007C44CE /* app2.0Tests */ = {
			isa = PBXGroup;
			children = (
				821B968C2A9836A7007C44CE /* app2_0Tests.swift */,
			);
			path = app2.0Tests;
			sourceTree = "<group>";
		};
		821B96952A9836A7007C44CE /* app2.0UITests */ = {
			isa = PBXGroup;
			children = (
				821B96962A9836A7007C44CE /* app2_0UITests.swift */,
				821B96982A9836A7007C44CE /* app2_0UITestsLaunchTests.swift */,
			);
			path = app2.0UITests;
			sourceTree = "<group>";
		};
/* End PBXGroup section */

/* Begin PBXNativeTarget section */
		821B96722A9836A1007C44CE /* app2.0 */ = {
			isa = PBXNativeTarget;
			buildConfigurationList = 821B969C2A9836A7007C44CE /* Build configuration list for PBXNativeTarget "app2.0" */;
			buildPhases = (
				821B966F2A9836A1007C44CE /* Sources */,
				821B96702A9836A1007C44CE /* Frameworks */,
				821B96712A9836A1007C44CE /* Resources */,
			);
			buildRules = (
			);
			dependencies = (
			);
			name = app2.0;
			productName = app2.0;
			productReference = 821B96732A9836A1007C44CE /* app2.0.app */;
			productType = "com.apple.product-type.application";
		};
		821B96872A9836A7007C44CE /* app2.0Tests */ = {
			isa = PBXNativeTarget;
			buildConfigurationList = 821B969F2A9836A7007C44CE /* Build configuration list for PBXNativeTarget "app2.0Tests" */;
			buildPhases = (
				821B96842A9836A7007C44CE /* Sources */,
				821B96852A9836A7007C44CE /* Frameworks */,
				821B96862A9836A7007C44CE /* Resources */,
			);
			buildRules = (
			);
			dependencies = (
				821B968A2A9836A7007C44CE /* PBXTargetDependency */,
			);
			name = app2.0Tests;
			productName = app2.0Tests;
			productReference = 821B96882A9836A7007C44CE /* app2.0Tests.xctest */;
			productType = "com.apple.product-type.bundle.unit-test";
		};
		821B96912A9836A7007C44CE /* app2.0UITests */ = {
			isa = PBXNativeTarget;
			buildConfigurationList = 821B96A22A9836A7007C44CE /* Build configuration list for PBXNativeTarget "app2.0UITests" */;
			buildPhases = (
				821B968E2A9836A7007C44CE /* Sources */,
				821B968F2A9836A7007C44CE /* Frameworks */,
				821B96902A9836A7007C44CE /* Resources */,
			);
			buildRules = (
			);
			dependencies = (
				821B96942A9836A7007C44CE /* PBXTargetDependency */,
			);
			name = app2.0UITests;
			productName = app2.0UITests;
			productReference = 821B96922A9836A7007C44CE /* app2.0UITests.xctest */;
			productType = "com.apple.product-type.bundle.ui-testing";
		};
/* End PBXNativeTarget section */

/* Begin PBXProject section */
		821B966B2A9836A1007C44CE /* Project object */ = {
			isa = PBXProject;
			attributes = {
				BuildIndependentTargetsInParallel = 1;
				LastSwiftUpdateCheck = 1420;
				LastUpgradeCheck = 1420;
				TargetAttributes = {
					821B96722A9836A1007C44CE = {
						CreatedOnToolsVersion = 14.2;
					};
					821B96872A9836A7007C44CE = {
						CreatedOnToolsVersion = 14.2;
						TestTargetID = 821B96722A9836A1007C44CE;
					};
					821B96912A9836A7007C44CE = {
						CreatedOnToolsVersion = 14.2;
						TestTargetID = 821B96722A9836A1007C44CE;
					};
				};
			};
			buildConfigurationList = 821B966E2A9836A1007C44CE /* Build configuration list for PBXProject "app2.0" */;
			compatibilityVersion = "Xcode 14.0";
			developmentRegion = en;
			hasScannedForEncodings = 0;
			knownRegions = (
				en,
				Base,
			);
			mainGroup = 821B966A2A9836A1007C44CE;
			productRefGroup = 821B96742A9836A1007C44CE /* Products */;
			projectDirPath = "";
			projectRoot = "";
			targets = (
				821B96722A9836A1007C44CE /* app2.0 */,
				821B96872A9836A7007C44CE /* app2.0Tests */,
				821B96912A9836A7007C44CE /* app2.0UITests */,
			);
		};
/* End PBXProject section */

/* Begin PBXResourcesBuildPhase section */
		821B96712A9836A1007C44CE /* Resources */ = {
			isa = PBXResourcesBuildPhase;
			buildActionMask = 2147483647;
			files = (
				821B967E2A9836A7007C44CE /* Preview Assets.xcassets in Resources */,
				821B967B2A9836A7007C44CE /* Assets.xcassets in Resources */,
			);
			runOnlyForDeploymentPostprocessing = 0;
		};
		821B96862A9836A7007C44CE /* Resources */ = {
			isa = PBXResourcesBuildPhase;
			buildActionMask = 2147483647;
			files = (
			);
			runOnlyForDeploymentPostprocessing = 0;
		};
		821B96902A9836A7007C44CE /* Resources */ = {
			isa = PBXResourcesBuildPhase;
			buildActionMask = 2147483647;
			files = (
			);
			runOnlyForDeploymentPostprocessing = 0;
		};
/* End PBXResourcesBuildPhase section */

/* Begin PBXSourcesBuildPhase section */
		821B966F2A9836A1007C44CE /* Sources */ = {
			isa = PBXSourcesBuildPhase;
			buildActionMask = 2147483647;
			files = (
				821B96802A9836A7007C44CE /* Persistence.swift in Sources */,
				821B96832A9836A7007C44CE /* app2_0.xcdatamodeld in Sources */,
				821B96792A9836A1007C44CE /* ContentView.swift in Sources */,
				821B96772A9836A1007C44CE /* app2_0App.swift in Sources */,
			);
			runOnlyForDeploymentPostprocessing = 0;
		};
		821B96842A9836A7007C44CE /* Sources */ = {
			isa = PBXSourcesBuildPhase;
			buildActionMask = 2147483647;
			files = (
				821B968D2A9836A7007C44CE /* app2_0Tests.swift in Sources */,
			);
			runOnlyForDeploymentPostprocessing = 0;
		};
		821B968E2A9836A7007C44CE /* Sources */ = {
			isa = PBXSourcesBuildPhase;
			buildActionMask = 2147483647;
			files = (
				821B96992A9836A7007C44CE /* app2_0UITestsLaunchTests.swift in Sources */,
				821B96972A9836A7007C44CE /* app2_0UITests.swift in Sources */,
			);
			runOnlyForDeploymentPostprocessing = 0;
		};
/* End PBXSourcesBuildPhase section */

/* Begin PBXTargetDependency section */
		821B968A2A9836A7007C44CE /* PBXTargetDependency */ = {
			isa = PBXTargetDependency;
			target = 821B96722A9836A1007C44CE /* app2.0 */;
			targetProxy = 821B96892A9836A7007C44CE /* PBXContainerItemProxy */;
		};
		821B96942A9836A7007C44CE /* PBXTargetDependency */ = {
			isa = PBXTargetDependency;
			target = 821B96722A9836A1007C44CE /* app2.0 */;
			targetProxy = 821B96932A9836A7007C44CE /* PBXContainerItemProxy */;
		};
/* End PBXTargetDependency section */

/* Begin XCBuildConfiguration section */
		821B969A2A9836A7007C44CE /* Debug */ = {
			isa = XCBuildConfiguration;
			buildSettings = {
				ALWAYS_SEARCH_USER_PATHS = NO;
				CLANG_ANALYZER_NONNULL = YES;
				CLANG_ANALYZER_NUMBER_OBJECT_CONVERSION = YES_AGGRESSIVE;
				CLANG_CXX_LANGUAGE_STANDARD = "gnu++20";
				CLANG_ENABLE_MODULES = YES;
				CLANG_ENABLE_OBJC_ARC = YES;
				CLANG_ENABLE_OBJC_WEAK = YES;
				CLANG_WARN_BLOCK_CAPTURE_AUTORELEASING = YES;
				CLANG_WARN_BOOL_CONVERSION = YES;
				CLANG_WARN_COMMA = YES;
				CLANG_WARN_CONSTANT_CONVERSION = YES;
				CLANG_WARN_DEPRECATED_OBJC_IMPLEMENTATIONS = YES;
				CLANG_WARN_DIRECT_OBJC_ISA_USAGE = YES_ERROR;
				CLANG_WARN_DOCUMENTATION_COMMENTS = YES;
				CLANG_WARN_EMPTY_BODY = YES;
				CLANG_WARN_ENUM_CONVERSION = YES;
				CLANG_WARN_INFINITE_RECURSION = YES;
				CLANG_WARN_INT_CONVERSION = YES;
				CLANG_WARN_NON_LITERAL_NULL_CONVERSION = YES;
				CLANG_WARN_OBJC_IMPLICIT_RETAIN_SELF = YES;
				CLANG_WARN_OBJC_LITERAL_CONVERSION = YES;
				CLANG_WARN_OBJC_ROOT_CLASS = YES_ERROR;
				CLANG_WARN_QUOTED_INCLUDE_IN_FRAMEWORK_HEADER = YES;
				CLANG_WARN_RANGE_LOOP_ANALYSIS = YES;
				CLANG_WARN_STRICT_PROTOTYPES = YES;
				CLANG_WARN_SUSPICIOUS_MOVE = YES;
				CLANG_WARN_UNGUARDED_AVAILABILITY = YES_AGGRESSIVE;
				CLANG_WARN_UNREACHABLE_CODE = YES;
				CLANG_WARN__DUPLICATE_METHOD_MATCH = YES;
				COPY_PHASE_STRIP = NO;
				DEBUG_INFORMATION_FORMAT = dwarf;
				ENABLE_STRICT_OBJC_MSGSEND = YES;
				ENABLE_TESTABILITY = YES;
				GCC_C_LANGUAGE_STANDARD = gnu11;
				GCC_DYNAMIC_NO_PIC = NO;
				GCC_NO_COMMON_BLOCKS = YES;
				GCC_OPTIMIZATION_LEVEL = 0;
				GCC_PREPROCESSOR_DEFINITIONS = (
					"DEBUG=1",
					"$(inherited)",
				);
				GCC_WARN_64_TO_32_BIT_CONVERSION = YES;
				GCC_WARN_ABOUT_RETURN_TYPE = YES_ERROR;
				GCC_WARN_UNDECLARED_SELECTOR = YES;
				GCC_WARN_UNINITIALIZED_AUTOS = YES_AGGRESSIVE;
				GCC_WARN_UNUSED_FUNCTION = YES;
				GCC_WARN_UNUSED_VARIABLE = YES;
				IPHONEOS_DEPLOYMENT_TARGET = 16.2;
				MTL_ENABLE_DEBUG_INFO = INCLUDE_SOURCE;
				MTL_FAST_MATH = YES;
				ONLY_ACTIVE_ARCH = YES;
				SDKROOT = iphoneos;
				SWIFT_ACTIVE_COMPILATION_CONDITIONS = DEBUG;
				SWIFT_OPTIMIZATION_LEVEL = "-Onone";
			};
			name = Debug;
		};
		821B969B2A9836A7007C44CE /* Release */ = {
			isa = XCBuildConfiguration;
			buildSettings = {
				ALWAYS_SEARCH_USER_PATHS = NO;
				CLANG_ANALYZER_NONNULL = YES;
				CLANG_ANALYZER_NUMBER_OBJECT_CONVERSION = YES_AGGRESSIVE;
				CLANG_CXX_LANGUAGE_STANDARD = "gnu++20";
				CLANG_ENABLE_MODULES = YES;
				CLANG_ENABLE_OBJC_ARC = YES;
				CLANG_ENABLE_OBJC_WEAK = YES;
				CLANG_WARN_BLOCK_CAPTURE_AUTORELEASING = YES;
				CLANG_WARN_BOOL_CONVERSION = YES;
				CLANG_WARN_COMMA = YES;
				CLANG_WARN_CONSTANT_CONVERSION = YES;
				CLANG_WARN_DEPRECATED_OBJC_IMPLEMENTATIONS = YES;
				CLANG_WARN_DIRECT_OBJC_ISA_USAGE = YES_ERROR;
				CLANG_WARN_DOCUMENTATION_COMMENTS = YES;
				CLANG_WARN_EMPTY_BODY = YES;
				CLANG_WARN_ENUM_CONVERSION = YES;
				CLANG_WARN_INFINITE_RECURSION = YES;
				CLANG_WARN_INT_CONVERSION = YES;
				CLANG_WARN_NON_LITERAL_NULL_CONVERSION = YES;
				CLANG_WARN_OBJC_IMPLICIT_RETAIN_SELF = YES;
				CLANG_WARN_OBJC_LITERAL_CONVERSION = YES;
				CLANG_WARN_OBJC_ROOT_CLASS = YES_ERROR;
				CLANG_WARN_QUOTED_INCLUDE_IN_FRAMEWORK_HEADER = YES;
				CLANG_WARN_RANGE_LOOP_ANALYSIS = YES;
				CLANG_WARN_STRICT_PROTOTYPES = YES;
				CLANG_WARN_SUSPICIOUS_MOVE = YES;
				CLANG_WARN_UNGUARDED_AVAILABILITY = YES_AGGRESSIVE;
				CLANG_WARN_UNREACHABLE_CODE = YES;
				CLANG_WARN__DUPLICATE_METHOD_MATCH = YES;
				COPY_PHASE_STRIP = NO;
				DEBUG_INFORMATION_FORMAT = "dwarf-with-dsym";
				ENABLE_NS_ASSERTIONS = NO;
				ENABLE_STRICT_OBJC_MSGSEND = YES;
				GCC_C_LANGUAGE_STANDARD = gnu11;
				GCC_NO_COMMON_BLOCKS = YES;
				GCC_WARN_64_TO_32_BIT_CONVERSION = YES;
				GCC_WARN_ABOUT_RETURN_TYPE = YES_ERROR;
				GCC_WARN_UNDECLARED_SELECTOR = YES;
				GCC_WARN_UNINITIALIZED_AUTOS = YES_AGGRESSIVE;
				GCC_WARN_UNUSED_FUNCTION = YES;
				GCC_WARN_UNUSED_VARIABLE = YES;
				IPHONEOS_DEPLOYMENT_TARGET = 16.2;
				MTL_ENABLE_DEBUG_INFO = NO;
				MTL_FAST_MATH = YES;
				SDKROOT = iphoneos;
				SWIFT_COMPILATION_MODE = wholemodule;
				SWIFT_OPTIMIZATION_LEVEL = "-O";
				VALIDATE_PRODUCT = YES;
			};
			name = Release;
		};
		821B969D2A9836A7007C44CE /* Debug */ = {
			isa = XCBuildConfiguration;
			buildSettings = {
				ASSETCATALOG_COMPILER_APPICON_NAME = AppIcon;
				ASSETCATALOG_COMPILER_GLOBAL_ACCENT_COLOR_NAME = AccentColor;
				CODE_SIGN_STYLE = Automatic;
				CURRENT_PROJECT_VERSION = 1;
				DEVELOPMENT_ASSET_PATHS = "\"app2.0/Preview Content\"";
				ENABLE_PREVIEWS = YES;
				GENERATE_INFOPLIST_FILE = YES;
				INFOPLIST_KEY_UIApplicationSceneManifest_Generation = YES;
				INFOPLIST_KEY_UIApplicationSupportsIndirectInputEvents = YES;
				INFOPLIST_KEY_UILaunchScreen_Generation = YES;
				INFOPLIST_KEY_UISupportedInterfaceOrientations_iPad = "UIInterfaceOrientationPortrait UIInterfaceOrientationPortraitUpsideDown UIInterfaceOrientationLandscapeLeft UIInterfaceOrientationLandscapeRight";
				INFOPLIST_KEY_UISupportedInterfaceOrientations_iPhone = "UIInterfaceOrientationPortrait UIInterfaceOrientationLandscapeLeft UIInterfaceOrientationLandscapeRight";
				LD_RUNPATH_SEARCH_PATHS = (
					"$(inherited)",
					"@executable_path/Frameworks",
				);
				MARKETING_VERSION = 1.0;
				PRODUCT_BUNDLE_IDENTIFIER = "desarrolladores.app2-0";
				PRODUCT_NAME = "$(TARGET_NAME)";
				SWIFT_EMIT_LOC_STRINGS = YES;
				SWIFT_VERSION = 5.0;
				TARGETED_DEVICE_FAMILY = "1,2";
			};
			name = Debug;
		};
		821B969E2A9836A7007C44CE /* Release */ = {
			isa = XCBuildConfiguration;
			buildSettings = {
				ASSETCATALOG_COMPILER_APPICON_NAME = AppIcon;
				ASSETCATALOG_COMPILER_GLOBAL_ACCENT_COLOR_NAME = AccentColor;
				CODE_SIGN_STYLE = Automatic;
				CURRENT_PROJECT_VERSION = 1;
				DEVELOPMENT_ASSET_PATHS = "\"app2.0/Preview Content\"";
				ENABLE_PREVIEWS = YES;
				GENERATE_INFOPLIST_FILE = YES;
				INFOPLIST_KEY_UIApplicationSceneManifest_Generation = YES;
				INFOPLIST_KEY_UIApplicationSupportsIndirectInputEvents = YES;
				INFOPLIST_KEY_UILaunchScreen_Generation = YES;
				INFOPLIST_KEY_UISupportedInterfaceOrientations_iPad = "UIInterfaceOrientationPortrait UIInterfaceOrientationPortraitUpsideDown UIInterfaceOrientationLandscapeLeft UIInterfaceOrientationLandscapeRight";
				INFOPLIST_KEY_UISupportedInterfaceOrientations_iPhone = "UIInterfaceOrientationPortrait UIInterfaceOrientationLandscapeLeft UIInterfaceOrientationLandscapeRight";
				LD_RUNPATH_SEARCH_PATHS = (
					"$(inherited)",
					"@executable_path/Frameworks",
				);
				MARKETING_VERSION = 1.0;
				PRODUCT_BUNDLE_IDENTIFIER = "desarrolladores.app2-0";
				PRODUCT_NAME = "$(TARGET_NAME)";
				SWIFT_EMIT_LOC_STRINGS = YES;
				SWIFT_VERSION = 5.0;
				TARGETED_DEVICE_FAMILY = "1,2";
			};
			name = Release;
		};
		821B96A02A9836A7007C44CE /* Debug */ = {
			isa = XCBuildConfiguration;
			buildSettings = {
				ALWAYS_EMBED_SWIFT_STANDARD_LIBRARIES = YES;
				BUNDLE_LOADER = "$(TEST_HOST)";
				CODE_SIGN_STYLE = Automatic;
				CURRENT_PROJECT_VERSION = 1;
				GENERATE_INFOPLIST_FILE = YES;
				IPHONEOS_DEPLOYMENT_TARGET = 16.2;
				MARKETING_VERSION = 1.0;
				PRODUCT_BUNDLE_IDENTIFIER = "desarrolladores.app2-0Tests";
				PRODUCT_NAME = "$(TARGET_NAME)";
				SWIFT_EMIT_LOC_STRINGS = NO;
				SWIFT_VERSION = 5.0;
				TARGETED_DEVICE_FAMILY = "1,2";
				TEST_HOST = "$(BUILT_PRODUCTS_DIR)/app2.0.app/$(BUNDLE_EXECUTABLE_FOLDER_PATH)/app2.0";
			};
			name = Debug;
		};
		821B96A12A9836A7007C44CE /* Release */ = {
			isa = XCBuildConfiguration;
			buildSettings = {
				ALWAYS_EMBED_SWIFT_STANDARD_LIBRARIES = YES;
				BUNDLE_LOADER = "$(TEST_HOST)";
				CODE_SIGN_STYLE = Automatic;
				CURRENT_PROJECT_VERSION = 1;
				GENERATE_INFOPLIST_FILE = YES;
				IPHONEOS_DEPLOYMENT_TARGET = 16.2;
				MARKETING_VERSION = 1.0;
				PRODUCT_BUNDLE_IDENTIFIER = "desarrolladores.app2-0Tests";
				PRODUCT_NAME = "$(TARGET_NAME)";
				SWIFT_EMIT_LOC_STRINGS = NO;
				SWIFT_VERSION = 5.0;
				TARGETED_DEVICE_FAMILY = "1,2";
				TEST_HOST = "$(BUILT_PRODUCTS_DIR)/app2.0.app/$(BUNDLE_EXECUTABLE_FOLDER_PATH)/app2.0";
			};
			name = Release;
		};
		821B96A32A9836A7007C44CE /* Debug */ = {
			isa = XCBuildConfiguration;
			buildSettings = {
				ALWAYS_EMBED_SWIFT_STANDARD_LIBRARIES = YES;
				CODE_SIGN_STYLE = Automatic;
				CURRENT_PROJECT_VERSION = 1;
				GENERATE_INFOPLIST_FILE = YES;
				MARKETING_VERSION = 1.0;
				PRODUCT_BUNDLE_IDENTIFIER = "desarrolladores.app2-0UITests";
				PRODUCT_NAME = "$(TARGET_NAME)";
				SWIFT_EMIT_LOC_STRINGS = NO;
				SWIFT_VERSION = 5.0;
				TARGETED_DEVICE_FAMILY = "1,2";
				TEST_TARGET_NAME = app2.0;
			};
			name = Debug;
		};
		821B96A42A9836A7007C44CE /* Release */ = {
			isa = XCBuildConfiguration;
			buildSettings = {
				ALWAYS_EMBED_SWIFT_STANDARD_LIBRARIES = YES;
				CODE_SIGN_STYLE = Automatic;
				CURRENT_PROJECT_VERSION = 1;
				GENERATE_INFOPLIST_FILE = YES;
				MARKETING_VERSION = 1.0;
				PRODUCT_BUNDLE_IDENTIFIER = "desarrolladores.app2-0UITests";
				PRODUCT_NAME = "$(TARGET_NAME)";
				SWIFT_EMIT_LOC_STRINGS = NO;
				SWIFT_VERSION = 5.0;
				TARGETED_DEVICE_FAMILY = "1,2";
				TEST_TARGET_NAME = app2.0;
			};
			name = Release;
		};
/* End XCBuildConfiguration section */

/* Begin XCConfigurationList section */
		821B966E2A9836A1007C44CE /* Build configuration list for PBXProject "app2.0" */ = {
			isa = XCConfigurationList;
			buildConfigurations = (
				821B969A2A9836A7007C44CE /* Debug */,
				821B969B2A9836A7007C44CE /* Release */,
			);
			defaultConfigurationIsVisible = 0;
			defaultConfigurationName = Release;
		};
		821B969C2A9836A7007C44CE /* Build configuration list for PBXNativeTarget "app2.0" */ = {
			isa = XCConfigurationList;
			buildConfigurations = (
				821B969D2A9836A7007C44CE /* Debug */,
				821B969E2A9836A7007C44CE /* Release */,
			);
			defaultConfigurationIsVisible = 0;
			defaultConfigurationName = Release;
		};
		821B969F2A9836A7007C44CE /* Build configuration list for PBXNativeTarget "app2.0Tests" */ = {
			isa = XCConfigurationList;
			buildConfigurations = (
				821B96A02A9836A7007C44CE /* Debug */,
				821B96A12A9836A7007C44CE /* Release */,
			);
			defaultConfigurationIsVisible = 0;
			defaultConfigurationName = Release;
		};
		821B96A22A9836A7007C44CE /* Build configuration list for PBXNativeTarget "app2.0UITests" */ = {
			isa = XCConfigurationList;
			buildConfigurations = (
				821B96A32A9836A7007C44CE /* Debug */,
				821B96A42A9836A7007C44CE /* Release */,
			);
			defaultConfigurationIsVisible = 0;
			defaultConfigurationName = Release;
		};
/* End XCConfigurationList section */

/* Begin XCVersionGroup section */
		821B96812A9836A7007C44CE /* app2_0.xcdatamodeld */ = {
			isa = XCVersionGroup;
			children = (
				821B96822A9836A7007C44CE /* app2_0.xcdatamodel */,
			);
			currentVersion = 821B96822A9836A7007C44CE /* app2_0.xcdatamodel */;
			path = app2_0.xcdatamodeld;
			sourceTree = "<group>";
			versionGroupType = wrapper.xcdatamodel;
		};
/* End XCVersionGroup section */
	};
	rootObject = 821B966B2A9836A1007C44CE /* Project object */;
}
